
Microsoft Visual Studio Solution File, Format Version 12.00
# Visual Studio Version 17
VisualStudioVersion = 17.6.33801.468
MinimumVisualStudioVersion = 10.0.40219.1
Project("{FAE04EC0-301F-11D3-BF4B-00C04F79EFBC}") = "Keyer", "Keyer\Keyer.csproj", "{F032A008-9B29-45D2-A7E6-211B53DD2581}"
EndProject
Global
	GlobalSection(SolutionConfigurationPlatforms) = preSolution
		Debug|Any CPU = Debug|Any CPU
		Release|Any CPU = Release|Any CPU
	EndGlobalSection
	GlobalSection(ProjectConfigurationPlatforms) = postSolution
		{F032A008-9B29-45D2-A7E6-211B53DD2581}.Debug|Any CPU.ActiveCfg = Debug|Any CPU
		{F032A008-9B29-45D2-A7E6-211B53DD2581}.Debug|Any CPU.Build.0 = Debug|Any CPU
		{F032A008-9B29-45D2-A7E6-211B53DD2581}.Release|Any CPU.ActiveCfg = Release|Any CPU
		{F032A008-9B29-45D2-A7E6-211B53DD2581}.Release|Any CPU.Build.0 = Release|Any CPU
	EndGlobalSection
	GlobalSection(SolutionProperties) = preSolution
		HideSolutionNode = FALSE
	EndGlobalSection
	GlobalSection(ExtensibilityGlobals) = postSolution
		SolutionGuid = {10D3DE7B-3507-49DC-8ED8-D39312838A06}
	EndGlobalSection
EndGlobal
